// !$*UTF8*$!
{
	archiveVersion = 1;
	classes = {
	};
	objectVersion = 55;
	objects = {

/* Begin PBXBuildFile section */
		591C3B6C27FAD6AE00466D3E /* AppDelegate.swift in Sources */ = {isa = PBXBuildFile; fileRef = 591C3B6B27FAD6AE00466D3E /* AppDelegate.swift */; };
		591C3B6E27FAD6AE00466D3E /* SceneDelegate.swift in Sources */ = {isa = PBXBuildFile; fileRef = 591C3B6D27FAD6AE00466D3E /* SceneDelegate.swift */; };
		591C3B7027FAD6AE00466D3E /* ViewController.swift in Sources */ = {isa = PBXBuildFile; fileRef = 591C3B6F27FAD6AE00466D3E /* ViewController.swift */; };
		591C3B7527FAD6B000466D3E /* Assets.xcassets in Resources */ = {isa = PBXBuildFile; fileRef = 591C3B7427FAD6B000466D3E /* Assets.xcassets */; };
		591C3B7827FAD6B000466D3E /* LaunchScreen.storyboard in Resources */ = {isa = PBXBuildFile; fileRef = 591C3B7627FAD6B000466D3E /* LaunchScreen.storyboard */; };
		591C3B8427FAD89300466D3E /* UIColor+Custom.swift in Sources */ = {isa = PBXBuildFile; fileRef = 591C3B8327FAD89300466D3E /* UIColor+Custom.swift */; };
		591C3B8627FAEAE700466D3E /* UIFont+Traits.swift in Sources */ = {isa = PBXBuildFile; fileRef = 591C3B8527FAEAE700466D3E /* UIFont+Traits.swift */; };
		591C3B8927FB09E200466D3E /* QuoteService.swift in Sources */ = {isa = PBXBuildFile; fileRef = 591C3B8827FB09E200466D3E /* QuoteService.swift */; };
/* End PBXBuildFile section */

/* Begin PBXFileReference section */
		591C3B6827FAD6AE00466D3E /* OC-P-Mission9-2-ClassQuote-S-FC.app */ = {isa = PBXFileReference; explicitFileType = wrapper.application; includeInIndex = 0; path = "OC-P-Mission9-2-ClassQuote-S-FC.app"; sourceTree = BUILT_PRODUCTS_DIR; };
		591C3B6B27FAD6AE00466D3E /* AppDelegate.swift */ = {isa = PBXFileReference; lastKnownFileType = sourcecode.swift; path = AppDelegate.swift; sourceTree = "<group>"; };
		591C3B6D27FAD6AE00466D3E /* SceneDelegate.swift */ = {isa = PBXFileReference; lastKnownFileType = sourcecode.swift; path = SceneDelegate.swift; sourceTree = "<group>"; };
		591C3B6F27FAD6AE00466D3E /* ViewController.swift */ = {isa = PBXFileReference; lastKnownFileType = sourcecode.swift; path = ViewController.swift; sourceTree = "<group>"; };
		591C3B7427FAD6B000466D3E /* Assets.xcassets */ = {isa = PBXFileReference; lastKnownFileType = folder.assetcatalog; path = Assets.xcassets; sourceTree = "<group>"; };
		591C3B7727FAD6B000466D3E /* Base */ = {isa = PBXFileReference; lastKnownFileType = file.storyboard; name = Base; path = Base.lproj/LaunchScreen.storyboard; sourceTree = "<group>"; };
		591C3B7927FAD6B000466D3E /* Info.plist */ = {isa = PBXFileReference; lastKnownFileType = text.plist.xml; path = Info.plist; sourceTree = "<group>"; };
		591C3B8327FAD89300466D3E /* UIColor+Custom.swift */ = {isa = PBXFileReference; lastKnownFileType = sourcecode.swift; path = "UIColor+Custom.swift"; sourceTree = "<group>"; };
		591C3B8527FAEAE700466D3E /* UIFont+Traits.swift */ = {isa = PBXFileReference; lastKnownFileType = sourcecode.swift; path = "UIFont+Traits.swift"; sourceTree = "<group>"; };
		591C3B8827FB09E200466D3E /* QuoteService.swift */ = {isa = PBXFileReference; lastKnownFileType = sourcecode.swift; path = QuoteService.swift; sourceTree = "<group>"; };
/* End PBXFileReference section */

/* Begin PBXFrameworksBuildPhase section */
		591C3B6527FAD6AE00466D3E /* Frameworks */ = {
			isa = PBXFrameworksBuildPhase;
			buildActionMask = 2147483647;
			files = (
			);
			runOnlyForDeploymentPostprocessing = 0;
		};
/* End PBXFrameworksBuildPhase section */

/* Begin PBXGroup section */
		591C3B5F27FAD6AE00466D3E = {
			isa = PBXGroup;
			children = (
				591C3B6A27FAD6AE00466D3E /* OC-P-Mission9-2-ClassQuote-S-FC */,
				591C3B6927FAD6AE00466D3E /* Products */,
			);
			sourceTree = "<group>";
		};
		591C3B6927FAD6AE00466D3E /* Products */ = {
			isa = PBXGroup;
			children = (
				591C3B6827FAD6AE00466D3E /* OC-P-Mission9-2-ClassQuote-S-FC.app */,
			);
			name = Products;
			sourceTree = "<group>";
		};
		591C3B6A27FAD6AE00466D3E /* OC-P-Mission9-2-ClassQuote-S-FC */ = {
			isa = PBXGroup;
			children = (
				591C3B7F27FAD7D400466D3E /* App Delegates */,
				591C3B8727FB09D200466D3E /* Models */,
				591C3B8127FAD7EA00466D3E /* Controllers */,
				591C3B8227FAD87400466D3E /* Extensions */,
				591C3B8027FAD7E000466D3E /* Supporting Files */,
			);
			path = "OC-P-Mission9-2-ClassQuote-S-FC";
			sourceTree = "<group>";
		};
		591C3B7F27FAD7D400466D3E /* App Delegates */ = {
			isa = PBXGroup;
			children = (
				591C3B6B27FAD6AE00466D3E /* AppDelegate.swift */,
				591C3B6D27FAD6AE00466D3E /* SceneDelegate.swift */,
			);
			path = "App Delegates";
			sourceTree = "<group>";
		};
		591C3B8027FAD7E000466D3E /* Supporting Files */ = {
			isa = PBXGroup;
			children = (
				591C3B7427FAD6B000466D3E /* Assets.xcassets */,
				591C3B7627FAD6B000466D3E /* LaunchScreen.storyboard */,
				591C3B7927FAD6B000466D3E /* Info.plist */,
			);
			path = "Supporting Files";
			sourceTree = "<group>";
		};
		591C3B8127FAD7EA00466D3E /* Controllers */ = {
			isa = PBXGroup;
			children = (
				591C3B6F27FAD6AE00466D3E /* ViewController.swift */,
			);
			path = Controllers;
			sourceTree = "<group>";
		};
		591C3B8227FAD87400466D3E /* Extensions */ = {
			isa = PBXGroup;
			children = (
				591C3B8327FAD89300466D3E /* UIColor+Custom.swift */,
				591C3B8527FAEAE700466D3E /* UIFont+Traits.swift */,
			);
			path = Extensions;
			sourceTree = "<group>";
		};
		591C3B8727FB09D200466D3E /* Models */ = {
			isa = PBXGroup;
			children = (
				591C3B8827FB09E200466D3E /* QuoteService.swift */,
			);
			path = Models;
			sourceTree = "<group>";
		};
/* End PBXGroup section */

/* Begin PBXNativeTarget section */
		591C3B6727FAD6AE00466D3E /* OC-P-Mission9-2-ClassQuote-S-FC */ = {
			isa = PBXNativeTarget;
			buildConfigurationList = 591C3B7C27FAD6B000466D3E /* Build configuration list for PBXNativeTarget "OC-P-Mission9-2-ClassQuote-S-FC" */;
			buildPhases = (
				591C3B6427FAD6AE00466D3E /* Sources */,
				591C3B6527FAD6AE00466D3E /* Frameworks */,
				591C3B6627FAD6AE00466D3E /* Resources */,
			);
			buildRules = (
			);
			dependencies = (
			);
			name = "OC-P-Mission9-2-ClassQuote-S-FC";
			productName = "OC-P-Mission9-2-ClassQuote-S-FC";
			productReference = 591C3B6827FAD6AE00466D3E /* OC-P-Mission9-2-ClassQuote-S-FC.app */;
			productType = "com.apple.product-type.application";
		};
/* End PBXNativeTarget section */

/* Begin PBXProject section */
		591C3B6027FAD6AE00466D3E /* Project object */ = {
			isa = PBXProject;
			attributes = {
				BuildIndependentTargetsInParallel = 1;
				LastSwiftUpdateCheck = 1330;
				LastUpgradeCheck = 1330;
				TargetAttributes = {
					591C3B6727FAD6AE00466D3E = {
						CreatedOnToolsVersion = 13.3;
					};
				};
			};
			buildConfigurationList = 591C3B6327FAD6AE00466D3E /* Build configuration list for PBXProject "OC-P-Mission9-2-ClassQuote-S-FC" */;
			compatibilityVersion = "Xcode 13.0";
			developmentRegion = en;
			hasScannedForEncodings = 0;
			knownRegions = (
				en,
				Base,
			);
			mainGroup = 591C3B5F27FAD6AE00466D3E;
			productRefGroup = 591C3B6927FAD6AE00466D3E /* Products */;
			projectDirPath = "";
			projectRoot = "";
			targets = (
				591C3B6727FAD6AE00466D3E /* OC-P-Mission9-2-ClassQuote-S-FC */,
			);
		};
/* End PBXProject section */

/* Begin PBXResourcesBuildPhase section */
		591C3B6627FAD6AE00466D3E /* Resources */ = {
			isa = PBXResourcesBuildPhase;
			buildActionMask = 2147483647;
			files = (
				591C3B7827FAD6B000466D3E /* LaunchScreen.storyboard in Resources */,
				591C3B7527FAD6B000466D3E /* Assets.xcassets in Resources */,
			);
			runOnlyForDeploymentPostprocessing = 0;
		};
/* End PBXResourcesBuildPhase section */

/* Begin PBXSourcesBuildPhase section */
		591C3B6427FAD6AE00466D3E /* Sources */ = {
			isa = PBXSourcesBuildPhase;
			buildActionMask = 2147483647;
			files = (
				591C3B7027FAD6AE00466D3E /* ViewController.swift in Sources */,
				591C3B6C27FAD6AE00466D3E /* AppDelegate.swift in Sources */,
				591C3B8627FAEAE700466D3E /* UIFont+Traits.swift in Sources */,
				591C3B8427FAD89300466D3E /* UIColor+Custom.swift in Sources */,
				591C3B8927FB09E200466D3E /* QuoteService.swift in Sources */,
				591C3B6E27FAD6AE00466D3E /* SceneDelegate.swift in Sources */,
			);
			runOnlyForDeploymentPostprocessing = 0;
		};
/* End PBXSourcesBuildPhase section */

/* Begin PBXVariantGroup section */
		591C3B7627FAD6B000466D3E /* LaunchScreen.storyboard */ = {
			isa = PBXVariantGroup;
			children = (
				591C3B7727FAD6B000466D3E /* Base */,
			);
			name = LaunchScreen.storyboard;
			sourceTree = "<group>";
		};
/* End PBXVariantGroup section */

/* Begin XCBuildConfiguration section */
		591C3B7A27FAD6B000466D3E /* Debug */ = {
			isa = XCBuildConfiguration;
			buildSettings = {
				ALWAYS_SEARCH_USER_PATHS = NO;
				CLANG_ANALYZER_NONNULL = YES;
				CLANG_ANALYZER_NUMBER_OBJECT_CONVERSION = YES_AGGRESSIVE;
				CLANG_CXX_LANGUAGE_STANDARD = "gnu++17";
				CLANG_ENABLE_MODULES = YES;
				CLANG_ENABLE_OBJC_ARC = YES;
				CLANG_ENABLE_OBJC_WEAK = YES;
				CLANG_WARN_BLOCK_CAPTURE_AUTORELEASING = YES;
				CLANG_WARN_BOOL_CONVERSION = YES;
				CLANG_WARN_COMMA = YES;
				CLANG_WARN_CONSTANT_CONVERSION = YES;
				CLANG_WARN_DEPRECATED_OBJC_IMPLEMENTATIONS = YES;
				CLANG_WARN_DIRECT_OBJC_ISA_USAGE = YES_ERROR;
				CLANG_WARN_DOCUMENTATION_COMMENTS = YES;
				CLANG_WARN_EMPTY_BODY = YES;
				CLANG_WARN_ENUM_CONVERSION = YES;
				CLANG_WARN_INFINITE_RECURSION = YES;
				CLANG_WARN_INT_CONVERSION = YES;
				CLANG_WARN_NON_LITERAL_NULL_CONVERSION = YES;
				CLANG_WARN_OBJC_IMPLICIT_RETAIN_SELF = YES;
				CLANG_WARN_OBJC_LITERAL_CONVERSION = YES;
				CLANG_WARN_OBJC_ROOT_CLASS = YES_ERROR;
				CLANG_WARN_QUOTED_INCLUDE_IN_FRAMEWORK_HEADER = YES;
				CLANG_WARN_RANGE_LOOP_ANALYSIS = YES;
				CLANG_WARN_STRICT_PROTOTYPES = YES;
				CLANG_WARN_SUSPICIOUS_MOVE = YES;
				CLANG_WARN_UNGUARDED_AVAILABILITY = YES_AGGRESSIVE;
				CLANG_WARN_UNREACHABLE_CODE = YES;
				CLANG_WARN__DUPLICATE_METHOD_MATCH = YES;
				COPY_PHASE_STRIP = NO;
				DEBUG_INFORMATION_FORMAT = dwarf;
				ENABLE_STRICT_OBJC_MSGSEND = YES;
				ENABLE_TESTABILITY = YES;
				GCC_C_LANGUAGE_STANDARD = gnu11;
				GCC_DYNAMIC_NO_PIC = NO;
				GCC_NO_COMMON_BLOCKS = YES;
				GCC_OPTIMIZATION_LEVEL = 0;
				GCC_PREPROCESSOR_DEFINITIONS = (
					"DEBUG=1",
					"$(inherited)",
				);
				GCC_WARN_64_TO_32_BIT_CONVERSION = YES;
				GCC_WARN_ABOUT_RETURN_TYPE = YES_ERROR;
				GCC_WARN_UNDECLARED_SELECTOR = YES;
				GCC_WARN_UNINITIALIZED_AUTOS = YES_AGGRESSIVE;
				GCC_WARN_UNUSED_FUNCTION = YES;
				GCC_WARN_UNUSED_VARIABLE = YES;
				IPHONEOS_DEPLOYMENT_TARGET = 15.4;
				MTL_ENABLE_DEBUG_INFO = INCLUDE_SOURCE;
				MTL_FAST_MATH = YES;
				ONLY_ACTIVE_ARCH = YES;
				SDKROOT = iphoneos;
				SWIFT_ACTIVE_COMPILATION_CONDITIONS = DEBUG;
				SWIFT_OPTIMIZATION_LEVEL = "-Onone";
			};
			name = Debug;
		};
		591C3B7B27FAD6B000466D3E /* Release */ = {
			isa = XCBuildConfiguration;
			buildSettings = {
				ALWAYS_SEARCH_USER_PATHS = NO;
				CLANG_ANALYZER_NONNULL = YES;
				CLANG_ANALYZER_NUMBER_OBJECT_CONVERSION = YES_AGGRESSIVE;
				CLANG_CXX_LANGUAGE_STANDARD = "gnu++17";
				CLANG_ENABLE_MODULES = YES;
				CLANG_ENABLE_OBJC_ARC = YES;
				CLANG_ENABLE_OBJC_WEAK = YES;
				CLANG_WARN_BLOCK_CAPTURE_AUTORELEASING = YES;
				CLANG_WARN_BOOL_CONVERSION = YES;
				CLANG_WARN_COMMA = YES;
				CLANG_WARN_CONSTANT_CONVERSION = YES;
				CLANG_WARN_DEPRECATED_OBJC_IMPLEMENTATIONS = YES;
				CLANG_WARN_DIRECT_OBJC_ISA_USAGE = YES_ERROR;
				CLANG_WARN_DOCUMENTATION_COMMENTS = YES;
				CLANG_WARN_EMPTY_BODY = YES;
				CLANG_WARN_ENUM_CONVERSION = YES;
				CLANG_WARN_INFINITE_RECURSION = YES;
				CLANG_WARN_INT_CONVERSION = YES;
				CLANG_WARN_NON_LITERAL_NULL_CONVERSION = YES;
				CLANG_WARN_OBJC_IMPLICIT_RETAIN_SELF = YES;
				CLANG_WARN_OBJC_LITERAL_CONVERSION = YES;
				CLANG_WARN_OBJC_ROOT_CLASS = YES_ERROR;
				CLANG_WARN_QUOTED_INCLUDE_IN_FRAMEWORK_HEADER = YES;
				CLANG_WARN_RANGE_LOOP_ANALYSIS = YES;
				CLANG_WARN_STRICT_PROTOTYPES = YES;
				CLANG_WARN_SUSPICIOUS_MOVE = YES;
				CLANG_WARN_UNGUARDED_AVAILABILITY = YES_AGGRESSIVE;
				CLANG_WARN_UNREACHABLE_CODE = YES;
				CLANG_WARN__DUPLICATE_METHOD_MATCH = YES;
				COPY_PHASE_STRIP = NO;
				DEBUG_INFORMATION_FORMAT = "dwarf-with-dsym";
				ENABLE_NS_ASSERTIONS = NO;
				ENABLE_STRICT_OBJC_MSGSEND = YES;
				GCC_C_LANGUAGE_STANDARD = gnu11;
				GCC_NO_COMMON_BLOCKS = YES;
				GCC_WARN_64_TO_32_BIT_CONVERSION = YES;
				GCC_WARN_ABOUT_RETURN_TYPE = YES_ERROR;
				GCC_WARN_UNDECLARED_SELECTOR = YES;
				GCC_WARN_UNINITIALIZED_AUTOS = YES_AGGRESSIVE;
				GCC_WARN_UNUSED_FUNCTION = YES;
				GCC_WARN_UNUSED_VARIABLE = YES;
				IPHONEOS_DEPLOYMENT_TARGET = 15.4;
				MTL_ENABLE_DEBUG_INFO = NO;
				MTL_FAST_MATH = YES;
				SDKROOT = iphoneos;
				SWIFT_COMPILATION_MODE = wholemodule;
				SWIFT_OPTIMIZATION_LEVEL = "-O";
				VALIDATE_PRODUCT = YES;
			};
			name = Release;
		};
		591C3B7D27FAD6B000466D3E /* Debug */ = {
			isa = XCBuildConfiguration;
			buildSettings = {
				ASSETCATALOG_COMPILER_APPICON_NAME = AppIcon;
				ASSETCATALOG_COMPILER_GLOBAL_ACCENT_COLOR_NAME = AccentColor;
				CODE_SIGN_STYLE = Automatic;
				CURRENT_PROJECT_VERSION = 1;
				DEVELOPMENT_TEAM = S25TANK5XP;
				GENERATE_INFOPLIST_FILE = YES;
				INFOPLIST_FILE = "OC-P-Mission9-2-ClassQuote-S-FC/Supporting Files/Info.plist";
				INFOPLIST_KEY_UIApplicationSupportsIndirectInputEvents = YES;
				INFOPLIST_KEY_UILaunchStoryboardName = LaunchScreen;
				INFOPLIST_KEY_UISupportedInterfaceOrientations_iPad = UIInterfaceOrientationPortrait;
				INFOPLIST_KEY_UISupportedInterfaceOrientations_iPhone = UIInterfaceOrientationPortrait;
				LD_RUNPATH_SEARCH_PATHS = (
					"$(inherited)",
					"@executable_path/Frameworks",
				);
				MARKETING_VERSION = 1.0;
				PRODUCT_BUNDLE_IDENTIFIER = "adPiscinam.OC-P-Mission9-2-ClassQuote-S-FC";
				PRODUCT_NAME = "$(TARGET_NAME)";
				SWIFT_EMIT_LOC_STRINGS = YES;
				SWIFT_VERSION = 5.0;
				TARGETED_DEVICE_FAMILY = "1,2";
			};
			name = Debug;
		};
		591C3B7E27FAD6B000466D3E /* Release */ = {
			isa = XCBuildConfiguration;
			buildSettings = {
				ASSETCATALOG_COMPILER_APPICON_NAME = AppIcon;
				ASSETCATALOG_COMPILER_GLOBAL_ACCENT_COLOR_NAME = AccentColor;
				CODE_SIGN_STYLE = Automatic;
				CURRENT_PROJECT_VERSION = 1;
				DEVELOPMENT_TEAM = S25TANK5XP;
				GENERATE_INFOPLIST_FILE = YES;
				INFOPLIST_FILE = "OC-P-Mission9-2-ClassQuote-S-FC/Supporting Files/Info.plist";
				INFOPLIST_KEY_UIApplicationSupportsIndirectInputEvents = YES;
				INFOPLIST_KEY_UILaunchStoryboardName = LaunchScreen;
				INFOPLIST_KEY_UISupportedInterfaceOrientations_iPad = UIInterfaceOrientationPortrait;
				INFOPLIST_KEY_UISupportedInterfaceOrientations_iPhone = UIInterfaceOrientationPortrait;
				LD_RUNPATH_SEARCH_PATHS = (
					"$(inherited)",
					"@executable_path/Frameworks",
				);
				MARKETING_VERSION = 1.0;
				PRODUCT_BUNDLE_IDENTIFIER = "adPiscinam.OC-P-Mission9-2-ClassQuote-S-FC";
				PRODUCT_NAME = "$(TARGET_NAME)";
				SWIFT_EMIT_LOC_STRINGS = YES;
				SWIFT_VERSION = 5.0;
				TARGETED_DEVICE_FAMILY = "1,2";
			};
			name = Release;
		};
/* End XCBuildConfiguration section */

/* Begin XCConfigurationList section */
		591C3B6327FAD6AE00466D3E /* Build configuration list for PBXProject "OC-P-Mission9-2-ClassQuote-S-FC" */ = {
			isa = XCConfigurationList;
			buildConfigurations = (
				591C3B7A27FAD6B000466D3E /* Debug */,
				591C3B7B27FAD6B000466D3E /* Release */,
			);
			defaultConfigurationIsVisible = 0;
			defaultConfigurationName = Release;
		};
		591C3B7C27FAD6B000466D3E /* Build configuration list for PBXNativeTarget "OC-P-Mission9-2-ClassQuote-S-FC" */ = {
			isa = XCConfigurationList;
			buildConfigurations = (
				591C3B7D27FAD6B000466D3E /* Debug */,
				591C3B7E27FAD6B000466D3E /* Release */,
			);
			defaultConfigurationIsVisible = 0;
			defaultConfigurationName = Release;
		};
/* End XCConfigurationList section */
	};
	rootObject = 591C3B6027FAD6AE00466D3E /* Project object */;
}
